
Microsoft Visual Studio Solution File, Format Version 12.00
# Visual Studio 15
VisualStudioVersion = 15.0.26730.16
MinimumVisualStudioVersion = 10.0.40219.1
Project("{FAE04EC0-301F-11D3-BF4B-00C04F79EFBC}") = "Anupom-Roy_Lab05_Ex1", "LinkedListLibrary\Anupom-Roy_Lab05_Ex1.csproj", "{5B126F88-5EA3-4D46-8084-A1152E1DB178}"
EndProject
Project("{FAE04EC0-301F-11D3-BF4B-00C04F79EFBC}") = "ListTest", "ListTest\ListTest.csproj", "{FB4C0612-65DD-4B2A-A4FE-0A1B56A86A8C}"
EndProject
Project("{FAE04EC0-301F-11D3-BF4B-00C04F79EFBC}") = "Anupom-Roy_Lab05_Ex2", "Anupom-Roy_Lab05_Ex2\Anupom-Roy_Lab05_Ex2.csproj", "{B3EF6D58-D7D9-4B92-A55B-0C6738A0FACA}"
EndProject
Project("{FAE04EC0-301F-11D3-BF4B-00C04F79EFBC}") = "StackInheritanceTest", "StackInheritanceTest\StackInheritanceTest.csproj", "{21DA5A39-963D-47F2-A852-B8FC461A8830}"
EndProject
Project("{FAE04EC0-301F-11D3-BF4B-00C04F79EFBC}") = "Anupom-Roy_Lab05_Ex3", "Anupom-Roy_Lab05_Ex3\Anupom-Roy_Lab05_Ex3.csproj", "{85ADA0B3-499F-45AB-81FD-2DC77A99BCBD}"
EndProject
Project("{FAE04EC0-301F-11D3-BF4B-00C04F79EFBC}") = "QueueTest", "QueueTest\QueueTest.csproj", "{FCD87947-5878-4A29-B7DD-8757FFEA5F95}"
EndProject
Global
	GlobalSection(SolutionConfigurationPlatforms) = preSolution
		Debug|Any CPU = Debug|Any CPU
		Release|Any CPU = Release|Any CPU
	EndGlobalSection
	GlobalSection(ProjectConfigurationPlatforms) = postSolution
		{5B126F88-5EA3-4D46-8084-A1152E1DB178}.Debug|Any CPU.ActiveCfg = Debug|Any CPU
		{5B126F88-5EA3-4D46-8084-A1152E1DB178}.Debug|Any CPU.Build.0 = Debug|Any CPU
		{5B126F88-5EA3-4D46-8084-A1152E1DB178}.Release|Any CPU.ActiveCfg = Release|Any CPU
		{5B126F88-5EA3-4D46-8084-A1152E1DB178}.Release|Any CPU.Build.0 = Release|Any CPU
		{FB4C0612-65DD-4B2A-A4FE-0A1B56A86A8C}.Debug|Any CPU.ActiveCfg = Debug|Any CPU
		{FB4C0612-65DD-4B2A-A4FE-0A1B56A86A8C}.Debug|Any CPU.Build.0 = Debug|Any CPU
		{FB4C0612-65DD-4B2A-A4FE-0A1B56A86A8C}.Release|Any CPU.ActiveCfg = Release|Any CPU
		{FB4C0612-65DD-4B2A-A4FE-0A1B56A86A8C}.Release|Any CPU.Build.0 = Release|Any CPU
		{B3EF6D58-D7D9-4B92-A55B-0C6738A0FACA}.Debug|Any CPU.ActiveCfg = Debug|Any CPU
		{B3EF6D58-D7D9-4B92-A55B-0C6738A0FACA}.Debug|Any CPU.Build.0 = Debug|Any CPU
		{B3EF6D58-D7D9-4B92-A55B-0C6738A0FACA}.Release|Any CPU.ActiveCfg = Release|Any CPU
		{B3EF6D58-D7D9-4B92-A55B-0C6738A0FACA}.Release|Any CPU.Build.0 = Release|Any CPU
		{21DA5A39-963D-47F2-A852-B8FC461A8830}.Debug|Any CPU.ActiveCfg = Debug|Any CPU
		{21DA5A39-963D-47F2-A852-B8FC461A8830}.Debug|Any CPU.Build.0 = Debug|Any CPU
		{21DA5A39-963D-47F2-A852-B8FC461A8830}.Release|Any CPU.ActiveCfg = Release|Any CPU
		{21DA5A39-963D-47F2-A852-B8FC461A8830}.Release|Any CPU.Build.0 = Release|Any CPU
		{85ADA0B3-499F-45AB-81FD-2DC77A99BCBD}.Debug|Any CPU.ActiveCfg = Debug|Any CPU
		{85ADA0B3-499F-45AB-81FD-2DC77A99BCBD}.Debug|Any CPU.Build.0 = Debug|Any CPU
		{85ADA0B3-499F-45AB-81FD-2DC77A99BCBD}.Release|Any CPU.ActiveCfg = Release|Any CPU
		{85ADA0B3-499F-45AB-81FD-2DC77A99BCBD}.Release|Any CPU.Build.0 = Release|Any CPU
		{FCD87947-5878-4A29-B7DD-8757FFEA5F95}.Debug|Any CPU.ActiveCfg = Debug|Any CPU
		{FCD87947-5878-4A29-B7DD-8757FFEA5F95}.Debug|Any CPU.Build.0 = Debug|Any CPU
		{FCD87947-5878-4A29-B7DD-8757FFEA5F95}.Release|Any CPU.ActiveCfg = Release|Any CPU
		{FCD87947-5878-4A29-B7DD-8757FFEA5F95}.Release|Any CPU.Build.0 = Release|Any CPU
	EndGlobalSection
	GlobalSection(SolutionProperties) = preSolution
		HideSolutionNode = FALSE
	EndGlobalSection
	GlobalSection(ExtensibilityGlobals) = postSolution
		SolutionGuid = {5E44B99B-3DBA-4AAC-BFC3-6DA08D16B23A}
	EndGlobalSection
EndGlobal
